
Microsoft Visual Studio Solution File, Format Version 12.00
# Visual Studio Version 16
VisualStudioVersion = 16.0.29324.140
MinimumVisualStudioVersion = 10.0.40219.1
Project("{FAE04EC0-301F-11D3-BF4B-00C04F79EFBC}") = "MyTodo.Android", "MyTodo\MyTodo.Android\MyTodo.Android.csproj", "{E6A8F204-A795-4615-8666-1DE107BEC52C}"
EndProject
Project("{FAE04EC0-301F-11D3-BF4B-00C04F79EFBC}") = "MyTodo", "MyTodo\MyTodo\MyTodo.csproj", "{A54605F3-8CD3-4409-AF7B-1DFEBD718A9F}"
EndProject
Global
	GlobalSection(SolutionConfigurationPlatforms) = preSolution
		Debug|Any CPU = Debug|Any CPU
		Release|Any CPU = Release|Any CPU
	EndGlobalSection
	GlobalSection(ProjectConfigurationPlatforms) = postSolution
		{E6A8F204-A795-4615-8666-1DE107BEC52C}.Debug|Any CPU.ActiveCfg = Debug|Any CPU
		{E6A8F204-A795-4615-8666-1DE107BEC52C}.Debug|Any CPU.Build.0 = Debug|Any CPU
		{E6A8F204-A795-4615-8666-1DE107BEC52C}.Debug|Any CPU.Deploy.0 = Debug|Any CPU
		{E6A8F204-A795-4615-8666-1DE107BEC52C}.Release|Any CPU.ActiveCfg = Release|Any CPU
		{E6A8F204-A795-4615-8666-1DE107BEC52C}.Release|Any CPU.Build.0 = Release|Any CPU
		{E6A8F204-A795-4615-8666-1DE107BEC52C}.Release|Any CPU.Deploy.0 = Release|Any CPU
		{A54605F3-8CD3-4409-AF7B-1DFEBD718A9F}.Debug|Any CPU.ActiveCfg = Debug|Any CPU
		{A54605F3-8CD3-4409-AF7B-1DFEBD718A9F}.Debug|Any CPU.Build.0 = Debug|Any CPU
		{A54605F3-8CD3-4409-AF7B-1DFEBD718A9F}.Debug|Any CPU.Deploy.0 = Debug|Any CPU
		{A54605F3-8CD3-4409-AF7B-1DFEBD718A9F}.Release|Any CPU.ActiveCfg = Release|Any CPU
		{A54605F3-8CD3-4409-AF7B-1DFEBD718A9F}.Release|Any CPU.Build.0 = Release|Any CPU
		{A54605F3-8CD3-4409-AF7B-1DFEBD718A9F}.Release|Any CPU.Deploy.0 = Release|Any CPU
	EndGlobalSection
	GlobalSection(SolutionProperties) = preSolution
		HideSolutionNode = FALSE
	EndGlobalSection
	GlobalSection(ExtensibilityGlobals) = postSolution
		SolutionGuid = {8C8B9E5F-C8F8-47E3-AB5D-724192862A7F}
	EndGlobalSection
EndGlobal
